
Microsoft Visual Studio Solution File, Format Version 12.00
# Visual Studio Version 17
VisualStudioVersion = 17.1.31911.260
MinimumVisualStudioVersion = 10.0.40219.1
Project("{FAE04EC0-301F-11D3-BF4B-00C04F79EFBC}") = "CartoonMVC", "CartoonMVC\CartoonMVC.csproj", "{5E4506D5-FB83-4946-B30C-C5A9BE04E180}"
EndProject
Global
	GlobalSection(SolutionConfigurationPlatforms) = preSolution
		Debug|Any CPU = Debug|Any CPU
		Release|Any CPU = Release|Any CPU
	EndGlobalSection
	GlobalSection(ProjectConfigurationPlatforms) = postSolution
		{5E4506D5-FB83-4946-B30C-C5A9BE04E180}.Debug|Any CPU.ActiveCfg = Debug|Any CPU
		{5E4506D5-FB83-4946-B30C-C5A9BE04E180}.Debug|Any CPU.Build.0 = Debug|Any CPU
		{5E4506D5-FB83-4946-B30C-C5A9BE04E180}.Release|Any CPU.ActiveCfg = Release|Any CPU
		{5E4506D5-FB83-4946-B30C-C5A9BE04E180}.Release|Any CPU.Build.0 = Release|Any CPU
	EndGlobalSection
	GlobalSection(SolutionProperties) = preSolution
		HideSolutionNode = FALSE
	EndGlobalSection
	GlobalSection(ExtensibilityGlobals) = postSolution
		SolutionGuid = {CE7981CD-81D6-4882-8CFB-19185E9159BB}
	EndGlobalSection
EndGlobal
